{
    "_readme": [
        "This file locks the dependencies of your project to a known state",
        "Read more about it at http://getcomposer.org/doc/01-basic-usage.md#composer-lock-the-lock-file",
        "This file is @generated automatically"
    ],
    "hash": "5bcc8d1277990aea52350b22a8669149",
    "packages": [
        {
            "name": "av/bonefish-autoloader",
            "version": "dev-master",
            "source": {
                "type": "git",
                "url": "https://github.com/AValnar/Bonefish-Autoloader.git",
                "reference": "1f77586469d9a2fab611bac8f6c9aada5621c627"
            },
            "dist": {
                "type": "zip",
                "url": "https://api.github.com/repos/AValnar/Bonefish-Autoloader/zipball/1f77586469d9a2fab611bac8f6c9aada5621c627",
                "reference": "1f77586469d9a2fab611bac8f6c9aada5621c627",
                "shasum": ""
            },
            "require": {
                "php": ">=5.3.0"
            },
            "type": "library",
            "autoload": {
                "psr-4": {
                    "Bonefish\\": "src"
                }
            },
            "notification-url": "https://packagist.org/downloads/",
            "description": "This Project maintains the Bonefish PSR-4 Autoloader",
            "time": "2014-08-31 16:40:49"
        },
        {
            "name": "av/bonefish-di",
            "version": "dev-master",
            "source": {
                "type": "git",
                "url": "https://github.com/AValnar/Bonefish-DI.git",
                "reference": "1ae42f2d23d83a04f04f5f8ac587cb82281fddc5"
            },
            "dist": {
                "type": "zip",
                "url": "https://api.github.com/repos/AValnar/Bonefish-DI/zipball/1ae42f2d23d83a04f04f5f8ac587cb82281fddc5",
                "reference": "1ae42f2d23d83a04f04f5f8ac587cb82281fddc5",
                "shasum": ""
            },
            "require": {
                "php": ">=5.3.0"
            },
            "type": "library",
            "autoload": {
                "psr-4": {
                    "Bonefish\\": "src"
                }
            },
            "notification-url": "https://packagist.org/downloads/",
            "description": "This Project maintains the Bonefish Dependency Injection Container",
            "time": "2014-08-31 16:35:35"
        },
        {
            "name": "cocur/slugify",
            "version": "dev-master",
            "source": {
                "type": "git",
                "url": "https://github.com/cocur/slugify.git",
                "reference": "69c2d2db3b5212a3a449ea8d01fae34d4438ca43"
            },
            "dist": {
                "type": "zip",
                "url": "https://api.github.com/repos/cocur/slugify/zipball/69c2d2db3b5212a3a449ea8d01fae34d4438ca43",
                "reference": "69c2d2db3b5212a3a449ea8d01fae34d4438ca43",
                "shasum": ""
            },
            "require": {
                "php": ">=5.3.3"
            },
            "require-dev": {
                "codeclimate/php-test-reporter": "dev-master",
                "laravel/framework": "~4.1",
                "mockery/mockery": "~0.9",
                "phpunit/phpunit": "~3.7",
                "sami/sami": "~1.3",
                "satooshi/php-coveralls": "0.6.*",
                "silex/silex": "~1.2",
                "symfony/dependency-injection": "~2.4",
                "symfony/http-kernel": "~2.4",
                "twig/twig": "~1"
            },
            "type": "library",
            "autoload": {
                "psr-4": {
                    "Cocur\\Slugify\\": "src"
                }
            },
            "notification-url": "https://packagist.org/downloads/",
            "license": [
                "MIT"
            ],
            "authors": [
                {
                    "name": "Ivo Bathke",
                    "email": "ivo.bathke@gmail.com"
                },
                {
                    "name": "Florian Eckerstorfer",
                    "email": "florian@eckerstorfer.co",
                    "homepage": "https://florian.ec"
                }
            ],
            "description": "Converts a string into a slug.",
            "keywords": [
                "slug",
                "slugify"
            ],
            "time": "2014-08-26 19:17:51"
        },
        {
            "name": "illuminate/support",
            "version": "v4.2.8",
            "target-dir": "Illuminate/Support",
            "source": {
                "type": "git",
                "url": "https://github.com/illuminate/support.git",
                "reference": "8702d655da1f7502037a2206df38399656ff35ae"
            },
            "dist": {
                "type": "zip",
                "url": "https://api.github.com/repos/illuminate/support/zipball/8702d655da1f7502037a2206df38399656ff35ae",
                "reference": "8702d655da1f7502037a2206df38399656ff35ae",
                "shasum": ""
            },
            "require": {
                "php": ">=5.4.0"
            },
            "require-dev": {
                "jeremeamia/superclosure": "~1.0",
                "patchwork/utf8": "1.1.*"
            },
            "type": "library",
            "extra": {
                "branch-alias": {
                    "dev-master": "4.2-dev"
                }
            },
            "autoload": {
                "psr-0": {
                    "Illuminate\\Support": ""
                },
                "files": [
                    "Illuminate/Support/helpers.php"
                ]
            },
            "notification-url": "https://packagist.org/downloads/",
            "license": [
                "MIT"
            ],
            "authors": [
                {
                    "name": "Taylor Otwell",
                    "email": "taylorotwell@gmail.com"
                }
            ],
            "time": "2014-08-05 12:08:34"
        },
        {
            "name": "joetannenbaum/climate",
            "version": "0.1.5",
            "source": {
                "type": "git",
                "url": "https://github.com/joetannenbaum/climate.git",
                "reference": "e9ef908066e9ea89fcf724b92220c660b1e8cc36"
            },
            "dist": {
                "type": "zip",
                "url": "https://api.github.com/repos/joetannenbaum/climate/zipball/e9ef908066e9ea89fcf724b92220c660b1e8cc36",
                "reference": "e9ef908066e9ea89fcf724b92220c660b1e8cc36",
                "shasum": ""
            },
            "require": {
                "illuminate/support": "4.2.*",
                "php": ">=5.4.0"
            },
            "require-dev": {
                "phpunit/phpunit": "4.1.*"
            },
            "type": "library",
            "autoload": {
                "psr-4": {
                    "JoeTannenbaum\\CLImate\\": "src/"
                }
            },
            "notification-url": "https://packagist.org/downloads/",
            "license": [
                "MIT"
            ],
            "authors": [
                {
                    "name": "Joe Tannenbaum",
                    "email": "hey@joe.codes"
                }
            ],
            "description": "PHP's best friend for the terminal. CLImate allows you to easily output colored text, special formats, and more.",
            "keywords": [
                "cli",
                "colors",
                "command",
                "php",
                "terminal"
            ],
            "time": "2014-08-29 18:50:24"
        },
        {
            "name": "latte/latte",
            "version": "dev-master",
            "source": {
                "type": "git",
                "url": "https://github.com/nette/latte.git",
                "reference": "b2f8f253669bbc18202fda6d24980f2b99bb124a"
            },
            "dist": {
                "type": "zip",
                "url": "https://api.github.com/repos/nette/latte/zipball/b2f8f253669bbc18202fda6d24980f2b99bb124a",
                "reference": "b2f8f253669bbc18202fda6d24980f2b99bb124a",
                "shasum": ""
            },
            "require": {
                "ext-tokenizer": "*",
                "php": ">=5.3.1"
            },
            "require-dev": {
                "nette/tester": "~1.0"
            },
            "suggest": {
                "ext-fileinfo": "to use filter |datastream",
                "ext-mbstring": "to use filters like lower, upper, capitalize, ..."
            },
            "type": "library",
            "extra": {
                "branch-alias": {
                    "dev-master": "2.3-dev"
                }
            },
            "autoload": {
                "classmap": [
                    "src/"
                ]
            },
            "notification-url": "https://packagist.org/downloads/",
            "license": [
                "BSD-3-Clause",
                "GPL-2.0",
                "GPL-3.0"
            ],
            "authors": [
                {
                    "name": "David Grudl",
                    "homepage": "http://davidgrudl.com"
                },
                {
                    "name": "Nette Community",
                    "homepage": "http://nette.org/contributors"
                }
            ],
            "description": "Latte: the amazing template engine for PHP",
            "homepage": "http://latte.nette.org",
            "keywords": [
                "templating",
                "twig"
            ],
            "time": "2014-08-24 18:16:06"
        },
        {
            "name": "league/url",
            "version": "dev-master",
            "source": {
                "type": "git",
                "url": "https://github.com/thephpleague/url.git",
                "reference": "e74554df45ed7d2a66b2dea3bf37f03c9a92048a"
            },
            "dist": {
                "type": "zip",
                "url": "https://api.github.com/repos/thephpleague/url/zipball/e74554df45ed7d2a66b2dea3bf37f03c9a92048a",
                "reference": "e74554df45ed7d2a66b2dea3bf37f03c9a92048a",
                "shasum": ""
            },
            "require": {
                "ext-mbstring": "*",
                "php": ">=5.3.0",
                "true/punycode": "~1.0"
            },
            "replace": {
                "bakame/url": "*"
            },
            "require-dev": {
                "phpunit/phpunit": "~4.0",
                "squizlabs/php_codesniffer": "2.0.*@dev"
            },
            "type": "library",
            "extra": {
                "branch-alias": {
                    "dev-master": "3.0-dev"
                }
            },
            "autoload": {
                "psr-4": {
                    "League\\Url\\": "src"
                }
            },
            "notification-url": "https://packagist.org/downloads/",
            "license": [
                "MIT"
            ],
            "authors": [
                {
                    "name": "Ignace Nyamagana Butera",
                    "email": "nyamsprod@gmail.com",
                    "homepage": "https://github.com/nyamsprod/",
                    "role": "Developer"
                }
            ],
            "description": "League/url is a lightweight PHP Url manipulating library",
            "keywords": [
                "parse_url",
                "php",
                "url"
            ],
            "time": "2014-07-30 10:09:17"
        },
        {
            "name": "nette/caching",
            "version": "v2.2.1",
            "source": {
                "type": "git",
                "url": "https://github.com/nette/caching.git",
                "reference": "0dcff13fced329d78e14679d8b6d00fd0babd0f1"
            },
            "dist": {
                "type": "zip",
                "url": "https://api.github.com/repos/nette/caching/zipball/0dcff13fced329d78e14679d8b6d00fd0babd0f1",
                "reference": "0dcff13fced329d78e14679d8b6d00fd0babd0f1",
                "shasum": ""
            },
            "require": {
                "nette/finder": "~2.2",
                "nette/utils": "~2.2",
                "php": ">=5.3.1"
            },
            "conflict": {
                "nette/nette": "<2.2"
            },
            "require-dev": {
                "latte/latte": "~2.2.2",
                "nette/tester": "~1.0"
            },
            "type": "library",
            "autoload": {
                "classmap": [
                    "src/"
                ]
            },
            "notification-url": "https://packagist.org/downloads/",
            "license": [
                "BSD-3-Clause",
                "GPL-2.0",
                "GPL-3.0"
            ],
            "authors": [
                {
                    "name": "David Grudl",
                    "homepage": "http://davidgrudl.com"
                },
                {
                    "name": "Nette Community",
                    "homepage": "http://nette.org/contributors"
                }
            ],
            "description": "Nette Caching Component",
            "homepage": "http://nette.org",
            "time": "2014-06-24 11:38:03"
        },
        {
            "name": "nette/finder",
            "version": "v2.2.0",
            "source": {
                "type": "git",
                "url": "https://github.com/nette/finder.git",
                "reference": "ab0d08478952e754f21b2e325d6703aa77d61b72"
            },
            "dist": {
                "type": "zip",
                "url": "https://api.github.com/repos/nette/finder/zipball/ab0d08478952e754f21b2e325d6703aa77d61b72",
                "reference": "ab0d08478952e754f21b2e325d6703aa77d61b72",
                "shasum": ""
            },
            "require": {
                "nette/utils": "~2.2",
                "php": ">=5.3.1"
            },
            "conflict": {
                "nette/nette": "<2.2"
            },
            "require-dev": {
                "nette/tester": "~1.0"
            },
            "type": "library",
            "autoload": {
                "classmap": [
                    "src/"
                ]
            },
            "notification-url": "https://packagist.org/downloads/",
            "license": [
                "BSD-3-Clause",
                "GPL-2.0",
                "GPL-3.0"
            ],
            "authors": [
                {
                    "name": "David Grudl",
                    "homepage": "http://davidgrudl.com"
                },
                {
                    "name": "Nette Community",
                    "homepage": "http://nette.org/contributors"
                }
            ],
            "description": "Nette Finder: Files Searching",
            "homepage": "http://nette.org",
            "time": "2014-06-24 11:22:41"
        },
        {
            "name": "nette/php-generator",
            "version": "dev-master",
            "source": {
                "type": "git",
                "url": "https://github.com/nette/php-generator.git",
                "reference": "77bc28961267ac9ced7aa2401cf361b4a9298998"
            },
            "dist": {
                "type": "zip",
                "url": "https://api.github.com/repos/nette/php-generator/zipball/77bc28961267ac9ced7aa2401cf361b4a9298998",
                "reference": "77bc28961267ac9ced7aa2401cf361b4a9298998",
                "shasum": ""
            },
            "require": {
                "nette/utils": "~2.2",
                "php": ">=5.3.1"
            },
            "conflict": {
                "nette/nette": "<2.2"
            },
            "require-dev": {
                "nette/tester": "~1.0"
            },
            "type": "library",
            "extra": {
                "branch-alias": {
                    "dev-master": "2.3-dev"
                }
            },
            "autoload": {
                "classmap": [
                    "src/"
                ]
            },
            "notification-url": "https://packagist.org/downloads/",
            "license": [
                "BSD-3-Clause",
                "GPL-2.0",
                "GPL-3.0"
            ],
            "authors": [
                {
                    "name": "David Grudl",
                    "homepage": "http://davidgrudl.com"
                },
                {
                    "name": "Nette Community",
                    "homepage": "http://nette.org/contributors"
                }
            ],
            "description": "Nette PHP Generator",
            "homepage": "http://nette.org",
            "time": "2014-08-22 20:05:39"
        },
        {
            "name": "nette/reflection",
            "version": "dev-master",
            "source": {
                "type": "git",
                "url": "https://github.com/nette/reflection.git",
                "reference": "46c46460302913f42afc16c8307b2388107e33e2"
            },
            "dist": {
                "type": "zip",
                "url": "https://api.github.com/repos/nette/reflection/zipball/46c46460302913f42afc16c8307b2388107e33e2",
                "reference": "46c46460302913f42afc16c8307b2388107e33e2",
                "shasum": ""
            },
            "require": {
                "ext-tokenizer": "*",
                "nette/caching": "~2.2",
                "nette/utils": "~2.2",
                "php": ">=5.3.1"
            },
            "conflict": {
                "nette/nette": "<2.2"
            },
            "require-dev": {
                "nette/tester": "~1.0"
            },
            "type": "library",
            "extra": {
                "branch-alias": {
                    "dev-master": "2.3-dev"
                }
            },
            "autoload": {
                "classmap": [
                    "src/"
                ]
            },
            "notification-url": "https://packagist.org/downloads/",
            "license": [
                "BSD-3-Clause",
                "GPL-2.0",
                "GPL-3.0"
            ],
            "authors": [
                {
                    "name": "David Grudl",
                    "homepage": "http://davidgrudl.com"
                },
                {
                    "name": "Nette Community",
                    "homepage": "http://nette.org/contributors"
                }
            ],
            "description": "Nette PHP Reflection Component",
            "homepage": "http://nette.org",
            "time": "2014-08-24 23:15:43"
        },
        {
            "name": "nette/utils",
            "version": "v2.2.2",
            "source": {
                "type": "git",
                "url": "https://github.com/nette/utils.git",
                "reference": "9166030811103af7101630bddc0bb1b91a7e36f7"
            },
            "dist": {
                "type": "zip",
                "url": "https://api.github.com/repos/nette/utils/zipball/9166030811103af7101630bddc0bb1b91a7e36f7",
                "reference": "9166030811103af7101630bddc0bb1b91a7e36f7",
                "shasum": ""
            },
            "require": {
                "php": ">=5.3.1"
            },
            "conflict": {
                "nette/nette": "<2.2"
            },
            "require-dev": {
                "nette/tester": "~1.0"
            },
            "suggest": {
                "ext-gd": "to use Image",
                "ext-iconv": "to use Strings::webalize() and toAscii()",
                "ext-mbstring": "to use Strings::lower() etc..."
            },
            "type": "library",
            "autoload": {
                "classmap": [
                    "src/"
                ]
            },
            "notification-url": "https://packagist.org/downloads/",
            "license": [
                "BSD-3-Clause",
                "GPL-2.0",
                "GPL-3.0"
            ],
            "authors": [
                {
                    "name": "David Grudl",
                    "homepage": "http://davidgrudl.com"
                },
                {
                    "name": "Nette Community",
                    "homepage": "http://nette.org/contributors"
                }
            ],
            "description": "Nette Utility Classes",
            "homepage": "http://nette.org",
            "time": "2014-08-24 23:29:12"
        },
        {
            "name": "respect/config",
            "version": "dev-master",
            "source": {
                "type": "git",
                "url": "https://github.com/Respect/Config.git",
                "reference": "1d7689ccb0c43153218b463a728f6c7130f1566a"
            },
            "dist": {
                "type": "zip",
                "url": "https://api.github.com/repos/Respect/Config/zipball/1d7689ccb0c43153218b463a728f6c7130f1566a",
                "reference": "1d7689ccb0c43153218b463a728f6c7130f1566a",
                "shasum": ""
            },
            "require": {
                "php": ">=5.3.0"
            },
            "require-dev": {
                "phpunit/phpunit": "@stable",
                "respect/test": "dev-master"
            },
            "type": "library",
            "autoload": {
                "psr-0": {
                    "Respect\\Config": "library"
                }
            },
            "notification-url": "https://packagist.org/downloads/",
            "license": [
                "BSD-3-Clause"
            ],
            "authors": [
                {
                    "name": "Henrique Moody",
                    "email": "henriquemoody@gmail.com",
                    "homepage": "http://about.me/henriquemoody"
                },
                {
                    "name": "Alexandre Gaigalas",
                    "email": "alexandre@gaigalas.net"
                },
                {
                    "name": "Rogerio Prado de Jesus",
                    "email": "rogeriopradoj@gmail.com"
                },
                {
                    "name": "Thiago Rigo",
                    "email": "thiagophx@gmail.com"
                },
                {
                    "name": "Augusto Pascutti",
                    "email": "augusto@phpsp.org.br"
                },
                {
                    "name": "Nick nickl- Lombard",
                    "email": "github@jigsoft.co.za"
                },
                {
                    "name": "Ivo Nascimento",
                    "email": "iannsp@gmail.com",
                    "homepage": "http://ivonascimento.wordpress.com"
                }
            ],
            "description": "A powerful, small, deadly simple configurator and dependency injection container made to be easy.",
            "homepage": "https://github.com/Respect/Config",
            "keywords": [
                "config",
                "dependency injection",
                "dic",
                "respect"
            ],
            "time": "2013-08-21 00:17:18"
        },
        {
            "name": "respect/data",
            "version": "0.2.1",
            "source": {
                "type": "git",
                "url": "https://github.com/Respect/Data.git",
                "reference": "7da4b3bd9f4bf584de632f50d58a692ac091ec80"
            },
            "dist": {
                "type": "zip",
                "url": "https://api.github.com/repos/Respect/Data/zipball/7da4b3bd9f4bf584de632f50d58a692ac091ec80",
                "reference": "7da4b3bd9f4bf584de632f50d58a692ac091ec80",
                "shasum": ""
            },
            "type": "library",
            "autoload": {
                "psr-0": {
                    "Respect\\Data": "library/"
                }
            },
            "notification-url": "https://packagist.org/downloads/",
            "license": [
                "BSD Style"
            ],
            "authors": [
                {
                    "name": "Henrique Moody",
                    "email": "henriquemoody@gmail.com",
                    "homepage": "http://about.me/henriquemoody"
                },
                {
                    "name": "Alexandre Gaigalas",
                    "email": "alexandre@gaigalas.net"
                },
                {
                    "name": "Rogerio Prado de Jesus",
                    "email": "rogeriopradoj@gmail.com"
                },
                {
                    "name": "Augusto Pascutti",
                    "email": "augusto@phpsp.org.br"
                },
                {
                    "name": "Nick nickl- Lombard",
                    "email": "github@jigsoft.co.za"
                }
            ],
            "description": "Persistence simplified",
            "time": "2013-02-14 01:32:14"
        },
        {
            "name": "respect/relational",
            "version": "dev-master",
            "source": {
                "type": "git",
                "url": "https://github.com/Respect/Relational.git",
                "reference": "48613ed23e6a3bdce7f3978dcf4dc544805eec9c"
            },
            "dist": {
                "type": "zip",
                "url": "https://api.github.com/repos/Respect/Relational/zipball/48613ed23e6a3bdce7f3978dcf4dc544805eec9c",
                "reference": "48613ed23e6a3bdce7f3978dcf4dc544805eec9c",
                "shasum": ""
            },
            "require": {
                "respect/data": "0.2.1"
            },
            "type": "library",
            "autoload": {
                "psr-0": {
                    "Respect\\Relational": "library/"
                }
            },
            "notification-url": "https://packagist.org/downloads/",
            "license": [
                "BSD Style"
            ],
            "authors": [
                {
                    "name": "Henrique Moody",
                    "email": "henriquemoody@gmail.com",
                    "homepage": "http://about.me/henriquemoody"
                },
                {
                    "name": "Alexandre Gaigalas",
                    "email": "alexandre@gaigalas.net"
                },
                {
                    "name": "Fábio da Silva Ribeiro",
                    "email": "fabiorphp@gmail.com"
                },
                {
                    "name": "Rogerio Prado de Jesus",
                    "email": "rogeriopradoj@gmail.com"
                },
                {
                    "name": "Claudson Oliveira",
                    "email": "claudsonweb@gmail.com"
                },
                {
                    "name": "Kinn Coelho Julião",
                    "email": "kinncj@gmail.com",
                    "homepage": "http://kinncj.com.br",
                    "role": "Developer"
                },
                {
                    "name": "Thiago Rigo",
                    "email": "thiagophx@gmail.com"
                }
            ],
            "description": "Fluent Database Toolkit",
            "homepage": "http://respect.li",
            "time": "2013-05-06 19:12:12"
        },
        {
            "name": "respect/validation",
            "version": "dev-master",
            "source": {
                "type": "git",
                "url": "https://github.com/Respect/Validation.git",
                "reference": "3e31d979925b366dfd92d2ac25fb8545c2b3c7fb"
            },
            "dist": {
                "type": "zip",
                "url": "https://api.github.com/repos/Respect/Validation/zipball/3e31d979925b366dfd92d2ac25fb8545c2b3c7fb",
                "reference": "3e31d979925b366dfd92d2ac25fb8545c2b3c7fb",
                "shasum": ""
            },
            "require-dev": {
                "phpunit/phpunit": "~4.0",
                "symfony/validator": "~2.1",
                "zendframework/zend-validator": "~2.0"
            },
            "suggest": {
                "ext-bcmath": "Arbitrary Precision Mathematics",
                "ext-mbstring": "Multibyte String Functions"
            },
            "type": "library",
            "extra": {
                "branch-alias": {
                    "dev-master": "0.7-dev"
                }
            },
            "autoload": {
                "psr-4": {
                    "Respect\\Validation\\": "library/"
                }
            },
            "notification-url": "https://packagist.org/downloads/",
            "license": [
                "BSD Style"
            ],
            "authors": [
                {
                    "name": "Respect/Validation Contributors",
                    "homepage": "https://github.com/Respect/Validation/graphs/contributors"
                }
            ],
            "description": "The most awesome validation engine ever created for PHP",
            "homepage": "http://respect.li",
            "keywords": [
                "respect",
                "validation",
                "validator"
            ],
            "time": "2014-08-05 16:48:57"
        },
        {
            "name": "swiftmailer/swiftmailer",
            "version": "dev-master",
            "source": {
                "type": "git",
                "url": "https://github.com/swiftmailer/swiftmailer.git",
                "reference": "8a2bcc6045e92acfbfea252cb6b444bc8c3f171e"
            },
            "dist": {
                "type": "zip",
                "url": "https://api.github.com/repos/swiftmailer/swiftmailer/zipball/8a2bcc6045e92acfbfea252cb6b444bc8c3f171e",
                "reference": "8a2bcc6045e92acfbfea252cb6b444bc8c3f171e",
                "shasum": ""
            },
            "require": {
                "php": ">=5.2.4"
            },
            "require-dev": {
                "mockery/mockery": "~0.9.1"
            },
            "type": "library",
            "extra": {
                "branch-alias": {
                    "dev-master": "5.2-dev"
                }
            },
            "autoload": {
                "files": [
                    "lib/swift_required.php"
                ]
            },
            "notification-url": "https://packagist.org/downloads/",
            "license": [
                "MIT"
            ],
            "authors": [
                {
                    "name": "Chris Corbyn"
                },
                {
                    "name": "Fabien Potencier",
                    "email": "fabien@symfony.com"
                }
            ],
            "description": "Swiftmailer, free feature-rich PHP mailer",
            "homepage": "http://swiftmailer.org",
            "keywords": [
                "mail",
                "mailer"
            ],
            "time": "2014-08-27 09:29:44"
        },
        {
            "name": "tracy/tracy",
            "version": "dev-master",
            "source": {
                "type": "git",
                "url": "https://github.com/nette/tracy.git",
                "reference": "c7a380d25dee6328d096bd70ba91dcccaae464c6"
            },
            "dist": {
                "type": "zip",
                "url": "https://api.github.com/repos/nette/tracy/zipball/c7a380d25dee6328d096bd70ba91dcccaae464c6",
                "reference": "c7a380d25dee6328d096bd70ba91dcccaae464c6",
                "shasum": ""
            },
            "require": {
                "php": ">=5.3.1"
            },
            "require-dev": {
                "nette/tester": "~1.0"
            },
            "type": "library",
            "extra": {
                "branch-alias": {
                    "dev-master": "2.3-dev"
                }
            },
            "autoload": {
                "classmap": [
                    "src/Tracy"
                ],
                "files": [
                    "src/shortcuts.php"
                ]
            },
            "notification-url": "https://packagist.org/downloads/",
            "license": [
                "BSD-3-Clause",
                "GPL-2.0",
                "GPL-3.0"
            ],
            "authors": [
                {
                    "name": "David Grudl",
                    "homepage": "http://davidgrudl.com"
                },
                {
                    "name": "Nette Community",
                    "homepage": "http://nette.org/contributors"
                }
            ],
            "description": "Tracy: useful PHP debugger",
            "homepage": "http://tracy.nette.org",
            "keywords": [
                "debug",
                "debugger",
                "nette"
            ],
            "time": "2014-08-31 16:40:18"
        },
        {
            "name": "true/punycode",
            "version": "1.0.1",
            "source": {
                "type": "git",
                "url": "https://github.com/true/php-punycode.git",
                "reference": "59dca474914324763397be2ea3d6ad3bc48f4688"
            },
            "dist": {
                "type": "zip",
                "url": "https://api.github.com/repos/true/php-punycode/zipball/59dca474914324763397be2ea3d6ad3bc48f4688",
                "reference": "59dca474914324763397be2ea3d6ad3bc48f4688",
                "shasum": ""
            },
            "require": {
                "ext-mbstring": "*",
                "php": ">=5.3.0"
            },
            "require-dev": {
                "phpunit/phpunit": "4.x",
                "satooshi/php-coveralls": "dev-master",
                "squizlabs/php_codesniffer": "2.0.x-dev"
            },
            "type": "library",
            "autoload": {
                "psr-4": {
                    "True\\": "src/"
                }
            },
            "notification-url": "https://packagist.org/downloads/",
            "license": [
                "MIT"
            ],
            "authors": [
                {
                    "name": "Renan Gonçalves",
                    "email": "renan.saddam@gmail.com"
                }
            ],
            "description": "A Bootstring encoding of Unicode for Internationalized Domain Names in Applications (IDNA)",
            "homepage": "https://github.com/true/php-punycode",
            "keywords": [
                "idna",
                "punycode"
            ],
            "time": "2014-08-26 14:21:01"
        }
    ],
    "packages-dev": [

    ],
    "aliases": [

    ],
    "minimum-stability": "stable",
    "stability-flags": {
        "av/bonefish-autoloader": 20,
        "av/bonefish-di": 20,
        "respect/config": 20,
        "latte/latte": 20,
        "cocur/slugify": 20,
        "tracy/tracy": 20,
        "nette/reflection": 20,
        "nette/php-generator": 20,
        "respect/validation": 20,
        "respect/relational": 20,
        "swiftmailer/swiftmailer": 20,
        "league/url": 20
    },
    "prefer-stable": false,
    "platform": [

    ],
    "platform-dev": [

    ]
}
