{
    "_readme": [
        "This file locks the dependencies of your project to a known state",
        "Read more about it at http://getcomposer.org/doc/01-basic-usage.md#composer-lock-the-lock-file",
        "This file is @generated automatically"
    ],
    "hash": "98ec4aba040fa65a45a08bc8a7527699",
    "packages": [
        {
            "name": "av/bonefish-autoloader",
            "version": "v1.0",
            "source": {
                "type": "git",
                "url": "https://github.com/AValnar/Bonefish-Autoloader.git",
                "reference": "efe814dae0985643e9fafa7c31ef7d19f98461d7"
            },
            "dist": {
                "type": "zip",
                "url": "https://api.github.com/repos/AValnar/Bonefish-Autoloader/zipball/efe814dae0985643e9fafa7c31ef7d19f98461d7",
                "reference": "efe814dae0985643e9fafa7c31ef7d19f98461d7",
                "shasum": ""
            },
            "require": {
                "php": ">=5.3.0"
            },
            "type": "library",
            "autoload": {
                "psr-4": {
                    "Bonefish\\": "src"
                }
            },
            "notification-url": "https://packagist.org/downloads/",
            "description": "This Project maintains the Bonefish PSR-4 Autoloader",
            "time": "2014-09-27 13:01:25"
        },
        {
            "name": "av/bonefish-di2",
            "version": "v2.0",
            "source": {
                "type": "git",
                "url": "https://github.com/AValnar/Bonefish-DI2.git",
                "reference": "f844c8c113cf9dc3c187796c3e16afc4039e460b"
            },
            "dist": {
                "type": "zip",
                "url": "https://api.github.com/repos/AValnar/Bonefish-DI2/zipball/f844c8c113cf9dc3c187796c3e16afc4039e460b",
                "reference": "f844c8c113cf9dc3c187796c3e16afc4039e460b",
                "shasum": ""
            },
            "require": {
                "nette/reflection": "dev-master",
                "php": ">=5.3.0"
            },
            "type": "library",
            "autoload": {
                "psr-4": {
                    "Bonefish\\": "src"
                }
            },
            "notification-url": "https://packagist.org/downloads/",
            "description": "This Project maintains the Bonefish Dependency Injection Container",
            "time": "2014-10-04 18:44:14"
        },
        {
            "name": "av/bonefish-generator",
            "version": "v1.0",
            "source": {
                "type": "git",
                "url": "https://github.com/AValnar/Bonefish-Generator.git",
                "reference": "0136fc91e524baabe5a4bc9cf69fe80fea803249"
            },
            "dist": {
                "type": "zip",
                "url": "https://api.github.com/repos/AValnar/Bonefish-Generator/zipball/0136fc91e524baabe5a4bc9cf69fe80fea803249",
                "reference": "0136fc91e524baabe5a4bc9cf69fe80fea803249",
                "shasum": ""
            },
            "require": {
                "composer/installers": "*"
            },
            "type": "bonefish-package",
            "autoload": {
                "psr-4": {
                    "Bonefish\\Generator\\": [
                        "",
                        "src"
                    ]
                }
            },
            "notification-url": "https://packagist.org/downloads/",
            "description": "Bonefish Framework",
            "time": "2014-09-29 21:29:22"
        },
        {
            "name": "av/bonefish-helloworld",
            "version": "v1.0",
            "source": {
                "type": "git",
                "url": "https://github.com/AValnar/Bonefish-HelloWorld.git",
                "reference": "c7fb36deaf1f8714f2420ae7aa94966bdc991385"
            },
            "dist": {
                "type": "zip",
                "url": "https://api.github.com/repos/AValnar/Bonefish-HelloWorld/zipball/c7fb36deaf1f8714f2420ae7aa94966bdc991385",
                "reference": "c7fb36deaf1f8714f2420ae7aa94966bdc991385",
                "shasum": ""
            },
            "require": {
                "composer/installers": "*"
            },
            "type": "bonefish-package",
            "autoload": {
                "psr-4": {
                    "Bonefish\\HelloWorld\\": [
                        ""
                    ]
                }
            },
            "notification-url": "https://packagist.org/downloads/",
            "description": "Bonefish Framework",
            "time": "2014-11-01 07:50:07"
        },
        {
            "name": "av/bonefish-kickstart",
            "version": "v1.0",
            "source": {
                "type": "git",
                "url": "https://github.com/AValnar/Bonefish-Kickstart.git",
                "reference": "3ff034b543aa78f3e8908f6ab054a76ed2147d45"
            },
            "dist": {
                "type": "zip",
                "url": "https://api.github.com/repos/AValnar/Bonefish-Kickstart/zipball/3ff034b543aa78f3e8908f6ab054a76ed2147d45",
                "reference": "3ff034b543aa78f3e8908f6ab054a76ed2147d45",
                "shasum": ""
            },
            "require": {
                "composer/installers": "*"
            },
            "type": "bonefish-package",
            "autoload": {
                "psr-4": {
                    "Bonefish\\Kickstart\\": [
                        "",
                        "src"
                    ]
                }
            },
            "notification-url": "https://packagist.org/downloads/",
            "description": "Bonefish Framework",
            "time": "2014-11-01 07:40:34"
        },
        {
            "name": "composer/installers",
            "version": "dev-master",
            "source": {
                "type": "git",
                "url": "https://github.com/AValnar/installers.git",
                "reference": "9c9e37671ef04d934db0c615ab3ae1e89c0608b0"
            },
            "dist": {
                "type": "zip",
                "url": "https://api.github.com/repos/AValnar/installers/zipball/9c9e37671ef04d934db0c615ab3ae1e89c0608b0",
                "reference": "9c9e37671ef04d934db0c615ab3ae1e89c0608b0",
                "shasum": ""
            },
            "replace": {
                "roundcube/plugin-installer": "*",
                "shama/baton": "*"
            },
            "require-dev": {
                "composer/composer": "1.0.*@dev",
                "phpunit/phpunit": "4.1.*"
            },
            "type": "composer-installer",
            "extra": {
                "class": "Composer\\Installers\\Installer",
                "branch-alias": {
                    "dev-master": "1.0-dev"
                }
            },
            "autoload": {
                "psr-0": {
                    "Composer\\Installers\\": "src/"
                }
            },
            "license": [
                "MIT"
            ],
            "authors": [
                {
                    "name": "Kyle Robinson Young",
                    "email": "kyle@dontkry.com",
                    "homepage": "https://github.com/shama"
                }
            ],
            "description": "A multi-framework Composer library installer",
            "homepage": "http://composer.github.com/installers/",
            "keywords": [
                "AGL",
                "Aimeos",
                "AnnotateCms",
                "Bitrix",
                "CakePHP",
                "Chef",
                "CodeIgniter",
                "Craft",
                "Croogo",
                "DokuWiki",
                "Dolibarr",
                "Drupal",
                "Elgg",
                "FuelPHP",
                "Grav",
                "Hurad",
                "Joomla",
                "Kohana",
                "Laravel",
                "Lithium",
                "MODULEWork",
                "MODX Evo",
                "Magento",
                "Mako",
                "MediaWiki",
                "Moodle",
                "OXID",
                "PPI",
                "Piwik",
                "Puppet",
                "Roundcube",
                "SMF",
                "SilverStripe",
                "TYPO3",
                "Thelia",
                "WolfCMS",
                "WordPress",
                "Zend",
                "Zikula",
                "concrete5",
                "installer",
                "phpBB",
                "shopware",
                "symfony"
            ],
            "support": {
                "source": "https://github.com/AValnar/installers/tree/master"
            },
            "time": "2015-03-12 16:27:44"
        },
        {
            "name": "latte/latte",
            "version": "dev-master",
            "source": {
                "type": "git",
                "url": "https://github.com/nette/latte.git",
                "reference": "0cede35b8b74081d70c89e7d437adfc1be91cdd7"
            },
            "dist": {
                "type": "zip",
                "url": "https://api.github.com/repos/nette/latte/zipball/0cede35b8b74081d70c89e7d437adfc1be91cdd7",
                "reference": "0cede35b8b74081d70c89e7d437adfc1be91cdd7",
                "shasum": ""
            },
            "require": {
                "ext-tokenizer": "*",
                "php": ">=5.3.1"
            },
            "require-dev": {
                "nette/tester": "~1.3"
            },
            "suggest": {
                "ext-fileinfo": "to use filter |datastream",
                "ext-mbstring": "to use filters like lower, upper, capitalize, ..."
            },
            "type": "library",
            "extra": {
                "branch-alias": {
                    "dev-master": "2.3-dev"
                }
            },
            "autoload": {
                "classmap": [
                    "src/"
                ]
            },
            "notification-url": "https://packagist.org/downloads/",
            "license": [
                "BSD-3-Clause",
                "GPL-2.0",
                "GPL-3.0"
            ],
            "authors": [
                {
                    "name": "David Grudl",
                    "homepage": "http://davidgrudl.com"
                },
                {
                    "name": "Nette Community",
                    "homepage": "http://nette.org/contributors"
                }
            ],
            "description": "Latte: the amazing template engine for PHP",
            "homepage": "http://latte.nette.org",
            "keywords": [
                "templating",
                "twig"
            ],
            "time": "2015-03-09 12:15:51"
        },
        {
            "name": "league/climate",
            "version": "2.4.1",
            "source": {
                "type": "git",
                "url": "https://github.com/thephpleague/climate.git",
                "reference": "7672907fc303e0c50269e8f79fd2f57088674052"
            },
            "dist": {
                "type": "zip",
                "url": "https://api.github.com/repos/thephpleague/climate/zipball/7672907fc303e0c50269e8f79fd2f57088674052",
                "reference": "7672907fc303e0c50269e8f79fd2f57088674052",
                "shasum": ""
            },
            "require": {
                "php": ">=5.4.0"
            },
            "require-dev": {
                "mockery/mockery": "dev-master",
                "phpunit/phpunit": "4.1.*"
            },
            "type": "library",
            "autoload": {
                "psr-4": {
                    "League\\CLImate\\": "src/"
                }
            },
            "notification-url": "https://packagist.org/downloads/",
            "license": [
                "MIT"
            ],
            "authors": [
                {
                    "name": "Joe Tannenbaum",
                    "email": "hey@joe.codes",
                    "homepage": "http://joe.codes/",
                    "role": "Developer"
                }
            ],
            "description": "PHP's best friend for the terminal. CLImate allows you to easily output colored text, special formats, and more.",
            "keywords": [
                "cli",
                "colors",
                "command",
                "php",
                "terminal"
            ],
            "time": "2014-10-22 20:59:25"
        },
        {
            "name": "league/url",
            "version": "3.1.1",
            "source": {
                "type": "git",
                "url": "https://github.com/thephpleague/url.git",
                "reference": "53e87bdcfa5dd9709ce538f5680fed6e34eef0b4"
            },
            "dist": {
                "type": "zip",
                "url": "https://api.github.com/repos/thephpleague/url/zipball/53e87bdcfa5dd9709ce538f5680fed6e34eef0b4",
                "reference": "53e87bdcfa5dd9709ce538f5680fed6e34eef0b4",
                "shasum": ""
            },
            "require": {
                "ext-mbstring": "*",
                "php": ">=5.3.0",
                "true/punycode": "~1.0"
            },
            "replace": {
                "bakame/url": "*"
            },
            "require-dev": {
                "phpunit/phpunit": "~4.0",
                "squizlabs/php_codesniffer": "2.0.*@dev"
            },
            "type": "library",
            "extra": {
                "branch-alias": {
                    "dev-master": "3.0-dev"
                }
            },
            "autoload": {
                "psr-4": {
                    "League\\Url\\": "src"
                }
            },
            "notification-url": "https://packagist.org/downloads/",
            "license": [
                "MIT"
            ],
            "authors": [
                {
                    "name": "Ignace Nyamagana Butera",
                    "email": "nyamsprod@gmail.com",
                    "homepage": "https://github.com/nyamsprod/",
                    "role": "Developer"
                }
            ],
            "description": "League/url is a lightweight PHP Url manipulating library",
            "keywords": [
                "parse_url",
                "php",
                "url"
            ],
            "time": "2014-09-02 07:57:45"
        },
        {
            "name": "nette/caching",
            "version": "v2.3.0",
            "source": {
                "type": "git",
                "url": "https://github.com/nette/caching.git",
                "reference": "e9508220f5628d9ac075ec3c13ba1e053dbd7944"
            },
            "dist": {
                "type": "zip",
                "url": "https://api.github.com/repos/nette/caching/zipball/e9508220f5628d9ac075ec3c13ba1e053dbd7944",
                "reference": "e9508220f5628d9ac075ec3c13ba1e053dbd7944",
                "shasum": ""
            },
            "require": {
                "nette/finder": "~2.2",
                "nette/utils": "~2.2",
                "php": ">=5.3.1"
            },
            "conflict": {
                "nette/nette": "<2.2"
            },
            "require-dev": {
                "latte/latte": "~2.3",
                "nette/di": "~2.3",
                "nette/tester": "~1.0"
            },
            "type": "library",
            "extra": {
                "branch-alias": {
                    "dev-master": "2.3-dev"
                }
            },
            "autoload": {
                "classmap": [
                    "src/"
                ]
            },
            "notification-url": "https://packagist.org/downloads/",
            "license": [
                "BSD-3-Clause",
                "GPL-2.0",
                "GPL-3.0"
            ],
            "authors": [
                {
                    "name": "David Grudl",
                    "homepage": "http://davidgrudl.com"
                },
                {
                    "name": "Nette Community",
                    "homepage": "http://nette.org/contributors"
                }
            ],
            "description": "Nette Caching Component",
            "homepage": "http://nette.org",
            "time": "2015-02-18 02:23:54"
        },
        {
            "name": "nette/database",
            "version": "v2.3.0",
            "source": {
                "type": "git",
                "url": "https://github.com/nette/database.git",
                "reference": "9e939487553684074ca49428575ee518e94aaa4f"
            },
            "dist": {
                "type": "zip",
                "url": "https://api.github.com/repos/nette/database/zipball/9e939487553684074ca49428575ee518e94aaa4f",
                "reference": "9e939487553684074ca49428575ee518e94aaa4f",
                "shasum": ""
            },
            "require": {
                "ext-pdo": "*",
                "nette/caching": "~2.2",
                "nette/utils": "~2.2",
                "php": ">=5.3.1"
            },
            "conflict": {
                "nette/nette": "<2.2"
            },
            "require-dev": {
                "mockery/mockery": "~0.9.1",
                "nette/di": "~2.3",
                "nette/tester": "~1.3"
            },
            "type": "library",
            "extra": {
                "branch-alias": {
                    "dev-master": "2.3-dev"
                }
            },
            "autoload": {
                "classmap": [
                    "src/"
                ]
            },
            "notification-url": "https://packagist.org/downloads/",
            "license": [
                "BSD-3-Clause",
                "GPL-2.0",
                "GPL-3.0"
            ],
            "authors": [
                {
                    "name": "David Grudl",
                    "homepage": "http://davidgrudl.com"
                },
                {
                    "name": "Nette Community",
                    "homepage": "http://nette.org/contributors"
                }
            ],
            "description": "Nette Database Component",
            "homepage": "http://nette.org",
            "time": "2015-02-20 03:30:49"
        },
        {
            "name": "nette/finder",
            "version": "v2.3.0",
            "source": {
                "type": "git",
                "url": "https://github.com/nette/finder.git",
                "reference": "0eba793c90e236714b6f76474590d14d6bfe733a"
            },
            "dist": {
                "type": "zip",
                "url": "https://api.github.com/repos/nette/finder/zipball/0eba793c90e236714b6f76474590d14d6bfe733a",
                "reference": "0eba793c90e236714b6f76474590d14d6bfe733a",
                "shasum": ""
            },
            "require": {
                "nette/utils": "~2.2",
                "php": ">=5.3.1"
            },
            "conflict": {
                "nette/nette": "<2.2"
            },
            "require-dev": {
                "nette/tester": "~1.0"
            },
            "type": "library",
            "extra": {
                "branch-alias": {
                    "dev-master": "2.3-dev"
                }
            },
            "autoload": {
                "classmap": [
                    "src/"
                ]
            },
            "notification-url": "https://packagist.org/downloads/",
            "license": [
                "BSD-3-Clause",
                "GPL-2.0",
                "GPL-3.0"
            ],
            "authors": [
                {
                    "name": "David Grudl",
                    "homepage": "http://davidgrudl.com"
                },
                {
                    "name": "Nette Community",
                    "homepage": "http://nette.org/contributors"
                }
            ],
            "description": "Nette Finder: Files Searching",
            "homepage": "http://nette.org",
            "time": "2015-02-17 20:36:43"
        },
        {
            "name": "nette/neon",
            "version": "dev-master",
            "source": {
                "type": "git",
                "url": "https://github.com/nette/neon.git",
                "reference": "c14c3ae106fbf11bef6dfc3ec7668c59bdd7f58e"
            },
            "dist": {
                "type": "zip",
                "url": "https://api.github.com/repos/nette/neon/zipball/c14c3ae106fbf11bef6dfc3ec7668c59bdd7f58e",
                "reference": "c14c3ae106fbf11bef6dfc3ec7668c59bdd7f58e",
                "shasum": ""
            },
            "require": {
                "ext-iconv": "*",
                "php": ">=5.3.1"
            },
            "require-dev": {
                "nette/tester": "~1.0"
            },
            "type": "library",
            "extra": {
                "branch-alias": {
                    "dev-master": "2.3-dev"
                }
            },
            "autoload": {
                "classmap": [
                    "src/"
                ]
            },
            "notification-url": "https://packagist.org/downloads/",
            "license": [
                "BSD-3-Clause",
                "GPL-2.0",
                "GPL-3.0"
            ],
            "authors": [
                {
                    "name": "David Grudl",
                    "homepage": "http://davidgrudl.com"
                },
                {
                    "name": "Nette Community",
                    "homepage": "http://nette.org/contributors"
                }
            ],
            "description": "Nette NEON: parser & generator for Nette Object Notation",
            "homepage": "http://ne-on.org",
            "time": "2015-02-17 21:10:16"
        },
        {
            "name": "nette/reflection",
            "version": "dev-master",
            "source": {
                "type": "git",
                "url": "https://github.com/nette/reflection.git",
                "reference": "08328bbd23323de285966dac7164f9ceb73cd77b"
            },
            "dist": {
                "type": "zip",
                "url": "https://api.github.com/repos/nette/reflection/zipball/08328bbd23323de285966dac7164f9ceb73cd77b",
                "reference": "08328bbd23323de285966dac7164f9ceb73cd77b",
                "shasum": ""
            },
            "require": {
                "ext-tokenizer": "*",
                "nette/caching": "~2.2",
                "nette/utils": "~2.2",
                "php": ">=5.3.1"
            },
            "conflict": {
                "nette/nette": "<2.2"
            },
            "require-dev": {
                "nette/di": "~2.3",
                "nette/tester": "~1.0"
            },
            "type": "library",
            "extra": {
                "branch-alias": {
                    "dev-master": "2.3-dev"
                }
            },
            "autoload": {
                "classmap": [
                    "src/"
                ]
            },
            "notification-url": "https://packagist.org/downloads/",
            "license": [
                "BSD-3-Clause",
                "GPL-2.0",
                "GPL-3.0"
            ],
            "authors": [
                {
                    "name": "David Grudl",
                    "homepage": "http://davidgrudl.com"
                },
                {
                    "name": "Nette Community",
                    "homepage": "http://nette.org/contributors"
                }
            ],
            "description": "Nette PHP Reflection Component",
            "homepage": "http://nette.org",
            "time": "2015-02-16 15:33:50"
        },
        {
            "name": "nette/utils",
            "version": "v2.3.0",
            "source": {
                "type": "git",
                "url": "https://github.com/nette/utils.git",
                "reference": "29bfb4424689014e0749e14eef8de18c4b0fd020"
            },
            "dist": {
                "type": "zip",
                "url": "https://api.github.com/repos/nette/utils/zipball/29bfb4424689014e0749e14eef8de18c4b0fd020",
                "reference": "29bfb4424689014e0749e14eef8de18c4b0fd020",
                "shasum": ""
            },
            "require": {
                "php": ">=5.3.1"
            },
            "conflict": {
                "nette/nette": "<2.2"
            },
            "require-dev": {
                "nette/tester": "~1.0"
            },
            "suggest": {
                "ext-gd": "to use Image",
                "ext-iconv": "to use Strings::webalize() and toAscii()",
                "ext-intl": "for script transliteration in Strings::webalize() and toAscii()",
                "ext-mbstring": "to use Strings::lower() etc..."
            },
            "type": "library",
            "extra": {
                "branch-alias": {
                    "dev-master": "2.3-dev"
                }
            },
            "autoload": {
                "classmap": [
                    "src/"
                ]
            },
            "notification-url": "https://packagist.org/downloads/",
            "license": [
                "BSD-3-Clause",
                "GPL-2.0",
                "GPL-3.0"
            ],
            "authors": [
                {
                    "name": "David Grudl",
                    "homepage": "http://davidgrudl.com"
                },
                {
                    "name": "Nette Community",
                    "homepage": "http://nette.org/contributors"
                }
            ],
            "description": "Nette Utility Classes",
            "homepage": "http://nette.org",
            "time": "2015-02-24 21:21:17"
        },
        {
            "name": "nikic/fast-route",
            "version": "v0.2.0",
            "source": {
                "type": "git",
                "url": "https://github.com/nikic/FastRoute.git",
                "reference": "7dc9a43cb856debc22fe158a1144018e16f7a637"
            },
            "dist": {
                "type": "zip",
                "url": "https://api.github.com/repos/nikic/FastRoute/zipball/7dc9a43cb856debc22fe158a1144018e16f7a637",
                "reference": "7dc9a43cb856debc22fe158a1144018e16f7a637",
                "shasum": ""
            },
            "require": {
                "php": ">=5.4.0"
            },
            "type": "library",
            "autoload": {
                "psr-4": {
                    "FastRoute\\": "src/"
                },
                "files": [
                    "src/functions.php"
                ]
            },
            "notification-url": "https://packagist.org/downloads/",
            "license": [
                "BSD-3-Clause"
            ],
            "authors": [
                {
                    "name": "Nikita Popov",
                    "email": "nikic@php.net"
                }
            ],
            "description": "Fast request router for PHP",
            "keywords": [
                "router",
                "routing"
            ],
            "time": "2014-05-17 11:33:04"
        },
        {
            "name": "tracy/tracy",
            "version": "dev-master",
            "source": {
                "type": "git",
                "url": "https://github.com/nette/tracy.git",
                "reference": "b9e95876d396470dbdb3b39bb2a04ce56aa3995a"
            },
            "dist": {
                "type": "zip",
                "url": "https://api.github.com/repos/nette/tracy/zipball/b9e95876d396470dbdb3b39bb2a04ce56aa3995a",
                "reference": "b9e95876d396470dbdb3b39bb2a04ce56aa3995a",
                "shasum": ""
            },
            "require": {
                "php": ">=5.3.1"
            },
            "require-dev": {
                "nette/di": "~2.3",
                "nette/tester": "~1.3"
            },
            "type": "library",
            "extra": {
                "branch-alias": {
                    "dev-master": "2.3-dev"
                }
            },
            "autoload": {
                "classmap": [
                    "src"
                ],
                "files": [
                    "src/shortcuts.php"
                ]
            },
            "notification-url": "https://packagist.org/downloads/",
            "license": [
                "BSD-3-Clause",
                "GPL-2.0",
                "GPL-3.0"
            ],
            "authors": [
                {
                    "name": "David Grudl",
                    "homepage": "http://davidgrudl.com"
                },
                {
                    "name": "Nette Community",
                    "homepage": "http://nette.org/contributors"
                }
            ],
            "description": "Tracy: useful PHP debugger",
            "homepage": "http://tracy.nette.org",
            "keywords": [
                "debug",
                "debugger",
                "nette"
            ],
            "time": "2015-03-13 12:13:16"
        },
        {
            "name": "true/punycode",
            "version": "1.1.0",
            "source": {
                "type": "git",
                "url": "https://github.com/true/php-punycode.git",
                "reference": "21c0025130b4e2b2d0b7dbe5f86e9e1512507656"
            },
            "dist": {
                "type": "zip",
                "url": "https://api.github.com/repos/true/php-punycode/zipball/21c0025130b4e2b2d0b7dbe5f86e9e1512507656",
                "reference": "21c0025130b4e2b2d0b7dbe5f86e9e1512507656",
                "shasum": ""
            },
            "require": {
                "ext-mbstring": "*",
                "php": ">=5.3.0"
            },
            "require-dev": {
                "phpunit/phpunit": "4.x",
                "satooshi/php-coveralls": "dev-master",
                "squizlabs/php_codesniffer": "~2.0"
            },
            "type": "library",
            "autoload": {
                "psr-4": {
                    "True\\": "src/"
                }
            },
            "notification-url": "https://packagist.org/downloads/",
            "license": [
                "MIT"
            ],
            "authors": [
                {
                    "name": "Renan Gonçalves",
                    "email": "renan.saddam@gmail.com"
                }
            ],
            "description": "A Bootstring encoding of Unicode for Internationalized Domain Names in Applications (IDNA)",
            "homepage": "https://github.com/true/php-punycode",
            "keywords": [
                "idna",
                "punycode"
            ],
            "time": "2015-03-12 16:49:35"
        },
        {
            "name": "uestla/yetorm",
            "version": "dev-master",
            "source": {
                "type": "git",
                "url": "https://github.com/uestla/YetORM.git",
                "reference": "9381cda4c05bbe4ef0a72fc99d09e2123d2aec42"
            },
            "dist": {
                "type": "zip",
                "url": "https://api.github.com/repos/uestla/YetORM/zipball/9381cda4c05bbe4ef0a72fc99d09e2123d2aec42",
                "reference": "9381cda4c05bbe4ef0a72fc99d09e2123d2aec42",
                "shasum": ""
            },
            "require": {
                "nette/database": "2.*",
                "nette/reflection": "2.*",
                "nette/utils": "2.*",
                "php": ">=5.3.0"
            },
            "require-dev": {
                "nette/caching": "*",
                "nette/robot-loader": "*",
                "nette/tester": "*"
            },
            "type": "library",
            "autoload": {
                "psr-0": {
                    "YetORM": "src/"
                }
            },
            "notification-url": "https://packagist.org/downloads/",
            "license": [
                "MIT"
            ],
            "description": "Lightweight ORM for Nette\\Database",
            "homepage": "https://github.com/uestla/YetORM",
            "keywords": [
                "database",
                "nette",
                "orm"
            ],
            "time": "2015-02-24 19:44:06"
        }
    ],
    "packages-dev": [
        {
            "name": "composer/composer",
            "version": "dev-master",
            "source": {
                "type": "git",
                "url": "https://github.com/composer/composer.git",
                "reference": "d57187446151ef84b28cb9f6b3ed38cc2cffc597"
            },
            "dist": {
                "type": "zip",
                "url": "https://api.github.com/repos/composer/composer/zipball/d57187446151ef84b28cb9f6b3ed38cc2cffc597",
                "reference": "d57187446151ef84b28cb9f6b3ed38cc2cffc597",
                "shasum": ""
            },
            "require": {
                "justinrainbow/json-schema": "~1.3",
                "php": ">=5.3.2",
                "seld/jsonlint": "~1.0",
                "symfony/console": "~2.5",
                "symfony/finder": "~2.2",
                "symfony/process": "~2.1"
            },
            "require-dev": {
                "phpunit/phpunit": "~4.5"
            },
            "suggest": {
                "ext-openssl": "Enabling the openssl extension allows you to access https URLs for repositories and packages",
                "ext-zip": "Enabling the zip extension allows you to unzip archives, and allows gzip compression of all internet traffic"
            },
            "bin": [
                "bin/composer"
            ],
            "type": "library",
            "extra": {
                "branch-alias": {
                    "dev-master": "1.0-dev"
                }
            },
            "autoload": {
                "psr-0": {
                    "Composer": "src/"
                }
            },
            "notification-url": "https://packagist.org/downloads/",
            "license": [
                "MIT"
            ],
            "authors": [
                {
                    "name": "Nils Adermann",
                    "email": "naderman@naderman.de",
                    "homepage": "http://www.naderman.de"
                },
                {
                    "name": "Jordi Boggiano",
                    "email": "j.boggiano@seld.be",
                    "homepage": "http://seld.be"
                }
            ],
            "description": "Composer helps you declare, manage and install dependencies of PHP projects, ensuring you have the right stack everywhere.",
            "homepage": "http://getcomposer.org/",
            "keywords": [
                "autoload",
                "dependency",
                "package"
            ],
            "time": "2015-03-09 23:06:06"
        },
        {
            "name": "justinrainbow/json-schema",
            "version": "1.3.7",
            "source": {
                "type": "git",
                "url": "https://github.com/justinrainbow/json-schema.git",
                "reference": "87b54b460febed69726c781ab67462084e97a105"
            },
            "dist": {
                "type": "zip",
                "url": "https://api.github.com/repos/justinrainbow/json-schema/zipball/87b54b460febed69726c781ab67462084e97a105",
                "reference": "87b54b460febed69726c781ab67462084e97a105",
                "shasum": ""
            },
            "require": {
                "php": ">=5.3.0"
            },
            "require-dev": {
                "json-schema/json-schema-test-suite": "1.1.0",
                "phpdocumentor/phpdocumentor": "~2",
                "phpunit/phpunit": "~3.7"
            },
            "bin": [
                "bin/validate-json"
            ],
            "type": "library",
            "extra": {
                "branch-alias": {
                    "dev-master": "1.4.x-dev"
                }
            },
            "autoload": {
                "psr-0": {
                    "JsonSchema": "src/"
                }
            },
            "notification-url": "https://packagist.org/downloads/",
            "license": [
                "BSD-3-Clause"
            ],
            "authors": [
                {
                    "name": "Bruno Prieto Reis",
                    "email": "bruno.p.reis@gmail.com"
                },
                {
                    "name": "Justin Rainbow",
                    "email": "justin.rainbow@gmail.com"
                },
                {
                    "name": "Igor Wiedler",
                    "email": "igor@wiedler.ch"
                },
                {
                    "name": "Robert Schönthal",
                    "email": "seroscho@googlemail.com"
                }
            ],
            "description": "A library to validate a json schema.",
            "homepage": "https://github.com/justinrainbow/json-schema",
            "keywords": [
                "json",
                "schema"
            ],
            "time": "2014-08-25 02:48:14"
        },
        {
            "name": "seld/jsonlint",
            "version": "1.3.1",
            "source": {
                "type": "git",
                "url": "https://github.com/Seldaek/jsonlint.git",
                "reference": "863ae85c6d3ef60ca49cb12bd051c4a0648c40c4"
            },
            "dist": {
                "type": "zip",
                "url": "https://api.github.com/repos/Seldaek/jsonlint/zipball/863ae85c6d3ef60ca49cb12bd051c4a0648c40c4",
                "reference": "863ae85c6d3ef60ca49cb12bd051c4a0648c40c4",
                "shasum": ""
            },
            "require": {
                "php": ">=5.3.0"
            },
            "bin": [
                "bin/jsonlint"
            ],
            "type": "library",
            "autoload": {
                "psr-4": {
                    "Seld\\JsonLint\\": "src/Seld/JsonLint/"
                }
            },
            "notification-url": "https://packagist.org/downloads/",
            "license": [
                "MIT"
            ],
            "authors": [
                {
                    "name": "Jordi Boggiano",
                    "email": "j.boggiano@seld.be",
                    "homepage": "http://seld.be"
                }
            ],
            "description": "JSON Linter",
            "keywords": [
                "json",
                "linter",
                "parser",
                "validator"
            ],
            "time": "2015-01-04 21:18:15"
        },
        {
            "name": "symfony/console",
            "version": "v2.6.4",
            "target-dir": "Symfony/Component/Console",
            "source": {
                "type": "git",
                "url": "https://github.com/symfony/Console.git",
                "reference": "e44154bfe3e41e8267d7a3794cd9da9a51cfac34"
            },
            "dist": {
                "type": "zip",
                "url": "https://api.github.com/repos/symfony/Console/zipball/e44154bfe3e41e8267d7a3794cd9da9a51cfac34",
                "reference": "e44154bfe3e41e8267d7a3794cd9da9a51cfac34",
                "shasum": ""
            },
            "require": {
                "php": ">=5.3.3"
            },
            "require-dev": {
                "psr/log": "~1.0",
                "symfony/event-dispatcher": "~2.1",
                "symfony/process": "~2.1"
            },
            "suggest": {
                "psr/log": "For using the console logger",
                "symfony/event-dispatcher": "",
                "symfony/process": ""
            },
            "type": "library",
            "extra": {
                "branch-alias": {
                    "dev-master": "2.6-dev"
                }
            },
            "autoload": {
                "psr-0": {
                    "Symfony\\Component\\Console\\": ""
                }
            },
            "notification-url": "https://packagist.org/downloads/",
            "license": [
                "MIT"
            ],
            "authors": [
                {
                    "name": "Symfony Community",
                    "homepage": "http://symfony.com/contributors"
                },
                {
                    "name": "Fabien Potencier",
                    "email": "fabien@symfony.com"
                }
            ],
            "description": "Symfony Console Component",
            "homepage": "http://symfony.com",
            "time": "2015-01-25 04:39:26"
        },
        {
            "name": "symfony/finder",
            "version": "v2.6.4",
            "target-dir": "Symfony/Component/Finder",
            "source": {
                "type": "git",
                "url": "https://github.com/symfony/Finder.git",
                "reference": "16513333bca64186c01609961a2bb1b95b5e1355"
            },
            "dist": {
                "type": "zip",
                "url": "https://api.github.com/repos/symfony/Finder/zipball/16513333bca64186c01609961a2bb1b95b5e1355",
                "reference": "16513333bca64186c01609961a2bb1b95b5e1355",
                "shasum": ""
            },
            "require": {
                "php": ">=5.3.3"
            },
            "type": "library",
            "extra": {
                "branch-alias": {
                    "dev-master": "2.6-dev"
                }
            },
            "autoload": {
                "psr-0": {
                    "Symfony\\Component\\Finder\\": ""
                }
            },
            "notification-url": "https://packagist.org/downloads/",
            "license": [
                "MIT"
            ],
            "authors": [
                {
                    "name": "Symfony Community",
                    "homepage": "http://symfony.com/contributors"
                },
                {
                    "name": "Fabien Potencier",
                    "email": "fabien@symfony.com"
                }
            ],
            "description": "Symfony Finder Component",
            "homepage": "http://symfony.com",
            "time": "2015-01-03 08:01:59"
        },
        {
            "name": "symfony/process",
            "version": "v2.6.4",
            "target-dir": "Symfony/Component/Process",
            "source": {
                "type": "git",
                "url": "https://github.com/symfony/Process.git",
                "reference": "ecfc23e89d9967999fa5f60a1e9af7384396e9ae"
            },
            "dist": {
                "type": "zip",
                "url": "https://api.github.com/repos/symfony/Process/zipball/ecfc23e89d9967999fa5f60a1e9af7384396e9ae",
                "reference": "ecfc23e89d9967999fa5f60a1e9af7384396e9ae",
                "shasum": ""
            },
            "require": {
                "php": ">=5.3.3"
            },
            "type": "library",
            "extra": {
                "branch-alias": {
                    "dev-master": "2.6-dev"
                }
            },
            "autoload": {
                "psr-0": {
                    "Symfony\\Component\\Process\\": ""
                }
            },
            "notification-url": "https://packagist.org/downloads/",
            "license": [
                "MIT"
            ],
            "authors": [
                {
                    "name": "Symfony Community",
                    "homepage": "http://symfony.com/contributors"
                },
                {
                    "name": "Fabien Potencier",
                    "email": "fabien@symfony.com"
                }
            ],
            "description": "Symfony Process Component",
            "homepage": "http://symfony.com",
            "time": "2015-01-25 04:39:26"
        }
    ],
    "aliases": [],
    "minimum-stability": "dev",
    "stability-flags": {
        "composer/installers": 20,
        "nette/neon": 20,
        "latte/latte": 20,
        "tracy/tracy": 20,
        "nette/reflection": 20,
        "uestla/yetorm": 20,
        "composer/composer": 20
    },
    "prefer-stable": true,
    "prefer-lowest": false,
    "platform": [],
    "platform-dev": []
}
